
Microsoft Visual Studio Solution File, Format Version 12.00
Project("{FAE04EC0-301F-11D3-BF4B-00C04F79EFBC}") = "RandomSlimeColor", "RandomSlimeColor\RandomSlimeColor.csproj", "{AC25D0CC-B313-48CA-BE15-48F1456E95A5}"
EndProject
Global
	GlobalSection(SolutionConfigurationPlatforms) = preSolution
		Debug|Any CPU = Debug|Any CPU
		Release|Any CPU = Release|Any CPU
	EndGlobalSection
	GlobalSection(ProjectConfigurationPlatforms) = postSolution
		{AC25D0CC-B313-48CA-BE15-48F1456E95A5}.Debug|Any CPU.ActiveCfg = Debug|Any CPU
		{AC25D0CC-B313-48CA-BE15-48F1456E95A5}.Debug|Any CPU.Build.0 = Debug|Any CPU
		{AC25D0CC-B313-48CA-BE15-48F1456E95A5}.Release|Any CPU.ActiveCfg = Release|Any CPU
		{AC25D0CC-B313-48CA-BE15-48F1456E95A5}.Release|Any CPU.Build.0 = Release|Any CPU
	EndGlobalSection
EndGlobal
